
Microsoft Visual Studio Solution File, Format Version 12.00
# Visual Studio Version 16
VisualStudioVersion = 16.0.30114.105
MinimumVisualStudioVersion = 10.0.40219.1
Project("{F2A71F9B-5D33-465A-A702-920D77279786}") = "LIN", "LIN\LIN.fsproj", "{F5B83B82-1723-458A-80DE-C0FB87F20165}"
EndProject
Project("{F2A71F9B-5D33-465A-A702-920D77279786}") = "LIN.Cli", "LIN.Cli\LIN.Cli.fsproj", "{5BB0DC15-D92E-49D2-A693-1D402BAAFAA1}"
EndProject
Global
	GlobalSection(SolutionProperties) = preSolution
		HideSolutionNode = FALSE
	EndGlobalSection
	GlobalSection(SolutionConfigurationPlatforms) = preSolution
		Debug|Any CPU = Debug|Any CPU
		Debug|x64 = Debug|x64
		Debug|x86 = Debug|x86
		Release|Any CPU = Release|Any CPU
		Release|x64 = Release|x64
		Release|x86 = Release|x86
	EndGlobalSection
	GlobalSection(ProjectConfigurationPlatforms) = postSolution
		{F5B83B82-1723-458A-80DE-C0FB87F20165}.Debug|Any CPU.ActiveCfg = Debug|Any CPU
		{F5B83B82-1723-458A-80DE-C0FB87F20165}.Debug|Any CPU.Build.0 = Debug|Any CPU
		{F5B83B82-1723-458A-80DE-C0FB87F20165}.Debug|x64.ActiveCfg = Debug|Any CPU
		{F5B83B82-1723-458A-80DE-C0FB87F20165}.Debug|x64.Build.0 = Debug|Any CPU
		{F5B83B82-1723-458A-80DE-C0FB87F20165}.Debug|x86.ActiveCfg = Debug|Any CPU
		{F5B83B82-1723-458A-80DE-C0FB87F20165}.Debug|x86.Build.0 = Debug|Any CPU
		{F5B83B82-1723-458A-80DE-C0FB87F20165}.Release|Any CPU.ActiveCfg = Release|Any CPU
		{F5B83B82-1723-458A-80DE-C0FB87F20165}.Release|Any CPU.Build.0 = Release|Any CPU
		{F5B83B82-1723-458A-80DE-C0FB87F20165}.Release|x64.ActiveCfg = Release|Any CPU
		{F5B83B82-1723-458A-80DE-C0FB87F20165}.Release|x64.Build.0 = Release|Any CPU
		{F5B83B82-1723-458A-80DE-C0FB87F20165}.Release|x86.ActiveCfg = Release|Any CPU
		{F5B83B82-1723-458A-80DE-C0FB87F20165}.Release|x86.Build.0 = Release|Any CPU
		{5BB0DC15-D92E-49D2-A693-1D402BAAFAA1}.Debug|Any CPU.ActiveCfg = Debug|Any CPU
		{5BB0DC15-D92E-49D2-A693-1D402BAAFAA1}.Debug|Any CPU.Build.0 = Debug|Any CPU
		{5BB0DC15-D92E-49D2-A693-1D402BAAFAA1}.Debug|x64.ActiveCfg = Debug|Any CPU
		{5BB0DC15-D92E-49D2-A693-1D402BAAFAA1}.Debug|x64.Build.0 = Debug|Any CPU
		{5BB0DC15-D92E-49D2-A693-1D402BAAFAA1}.Debug|x86.ActiveCfg = Debug|Any CPU
		{5BB0DC15-D92E-49D2-A693-1D402BAAFAA1}.Debug|x86.Build.0 = Debug|Any CPU
		{5BB0DC15-D92E-49D2-A693-1D402BAAFAA1}.Release|Any CPU.ActiveCfg = Release|Any CPU
		{5BB0DC15-D92E-49D2-A693-1D402BAAFAA1}.Release|Any CPU.Build.0 = Release|Any CPU
		{5BB0DC15-D92E-49D2-A693-1D402BAAFAA1}.Release|x64.ActiveCfg = Release|Any CPU
		{5BB0DC15-D92E-49D2-A693-1D402BAAFAA1}.Release|x64.Build.0 = Release|Any CPU
		{5BB0DC15-D92E-49D2-A693-1D402BAAFAA1}.Release|x86.ActiveCfg = Release|Any CPU
		{5BB0DC15-D92E-49D2-A693-1D402BAAFAA1}.Release|x86.Build.0 = Release|Any CPU
	EndGlobalSection
EndGlobal
